{
  "name": "keegan-portfolio-content",
  "lockfileVersion": 3,
  "requires": true,
  "packages": {
    "": {
      "dependencies": {
        "posthog-js": "^1.434.15"
      }
    },
    "node_modules/@posthog/browser-common": {
      "version": "0.9.0",
      "resolved": "https://registry.npmjs.org/@posthog/browser-common/-/browser-common-0.9.0.tgz",
      "integrity": "sha512-EWoVzs1vVY7ihpn8yOjj3jyjriHUEEMVSBNL/TW3hk09fTriWRe76vJXrRg0G0yjTYxHmtlSkNn4mOV24ZEzzA==",
      "license": "MIT",
      "dependencies": {
        "@posthog/core": "^1.54.2",
        "@posthog/types": "^1.412.1"
      }
    },
    "node_modules/@posthog/core": {
      "version": "1.55.2",
      "resolved": "https://registry.npmjs.org/@posthog/core/-/core-1.55.2.tgz",
      "integrity": "sha512-2mYxGbDmTLUs096VbcZqSWo0lrI48/BrX65r54NynxxFq409BOx9w73HxOAtOKZ1vblkdV6/GxQTe7KDcIQidg==",
      "license": "MIT",
      "dependencies": {
        "@posthog/types": "^1.412.4"
      }
    },
    "node_modules/@posthog/types": {
      "version": "1.412.4",
      "resolved": "https://registry.npmjs.org/@posthog/types/-/types-1.412.4.tgz",
      "integrity": "sha512-Q7lV9O9TbLngjOYw1ucm3bS3tn48xb1B4ZQdDy8gv7yfKe99hCTeWYG4xZ36nJM80VxpTF9TriiJt5hngDOkBg==",
      "license": "MIT"
    },
    "node_modules/@types/trusted-types": {
      "version": "2.0.7",
      "resolved": "https://registry.npmjs.org/@types/trusted-types/-/trusted-types-2.0.7.tgz",
      "integrity": "sha512-ScaPdn1dQczgbl0QFTeTOmVHFULt394XJgOQNoyVhZ6r2vLnMLJfBPd53SB52T/3G36VI1/g2MZaX0cwDuXsfw==",
      "license": "MIT",
      "optional": true
    },
    "node_modules/core-js": {
      "version": "3.50.0",
      "resolved": "https://registry.npmjs.org/core-js/-/core-js-3.50.0.tgz",
      "integrity": "sha512-BRWgOLKkFeCgRudR6zrs8p9XJZcE14grzKMMssoYrk6krtuEZ7MTKPIY5RzOnqsEKIR9kst7wNzphttraT+Yqw==",
      "hasInstallScript": true,
      "license": "MIT",
      "engines": {
        "node": "*"
      },
      "funding": {
        "type": "opencollective",
        "url": "https://opencollective.com/core-js"
      }
    },
    "node_modules/dompurify": {
      "version": "3.4.16",
      "resolved": "https://registry.npmjs.org/dompurify/-/dompurify-3.4.16.tgz",
      "integrity": "sha512-sqo+pNp3qRhCIpbgRi1y8Tgk27Bo2Ry7w0dC1NBeNTdZChWjz9Xb/KOoZbRP/R6pQZ80Qw8YhXw13hWWBbMRnQ==",
      "license": "(MPL-2.0 OR Apache-2.0)",
      "optionalDependencies": {
        "@types/trusted-types": "^2.0.7"
      }
    },
    "node_modules/fflate": {
      "version": "0.4.9",
      "resolved": "https://registry.npmjs.org/fflate/-/fflate-0.4.9.tgz",
      "integrity": "sha512-zdxgIEddhfsyCaWpJ2SdXEP8ZMrKJ6+5jl4OupODcywU0IhRk6gdXuVGcPICyfx2H97hVK7xmJtRLPjkxAX8Vw==",
      "license": "MIT"
    },
    "node_modules/posthog-js": {
      "version": "1.434.15",
      "resolved": "https://registry.npmjs.org/posthog-js/-/posthog-js-1.434.15.tgz",
      "integrity": "sha512-ZfBkNrQiFr1Q43G3dR0USzTRdfx+6gKPebyoWDmKnLUhG3yRgYjLH914J6ifEDRnH+RaGOx7rsWKxKcvaSJXHg==",
      "license": "(Apache-2.0 AND MIT)",
      "dependencies": {
        "@posthog/browser-common": "^0.9.0",
        "@posthog/core": "^1.55.2",
        "@posthog/types": "^1.412.4",
        "core-js": "^3.49.0",
        "dompurify": "^3.4.13",
        "fflate": "^0.4.8",
        "preact": "^10.29.3",
        "query-selector-shadow-dom": "^1.0.1",
        "web-vitals": "^6.2.1",
        "web-vitals-soft-navs": "npm:web-vitals@6.2.1"
      },
      "peerDependencies": {
        "@types/react": ">=16.8.0",
        "react": ">=16.8.0"
      },
      "peerDependenciesMeta": {
        "@types/react": {
          "optional": true
        },
        "react": {
          "optional": true
        }
      }
    },
    "node_modules/preact": {
      "version": "10.29.8",
      "resolved": "https://registry.npmjs.org/preact/-/preact-10.29.8.tgz",
      "integrity": "sha512-ej2aVZ+vZ8WO7tvlQWRM9N63A0KzF9q4mWJfDUHgYaIofWY9hu74QdnQrjoPMmZi2/nZ5gN0bJCQF49xQqx09Q==",
      "license": "MIT",
      "funding": {
        "type": "opencollective",
        "url": "https://opencollective.com/preact"
      },
      "peerDependencies": {
        "preact-render-to-string": ">=5"
      },
      "peerDependenciesMeta": {
        "preact-render-to-string": {
          "optional": true
        }
      }
    },
    "node_modules/query-selector-shadow-dom": {
      "version": "1.0.1",
      "resolved": "https://registry.npmjs.org/query-selector-shadow-dom/-/query-selector-shadow-dom-1.0.1.tgz",
      "integrity": "sha512-lT5yCqEBgfoMYpf3F2xQRK7zEr1rhIIZuceDK6+xRkJQ4NMbHTwXqk4NkwDwQMNqXgG9r9fyHnzwNVs6zV5KRw==",
      "license": "MIT"
    },
    "node_modules/web-vitals": {
      "version": "6.2.2",
      "resolved": "https://registry.npmjs.org/web-vitals/-/web-vitals-6.2.2.tgz",
      "integrity": "sha512-oto5x6dLEgrRqfcWed+pZEUb2q6ikbFmqF54CRDhI/QGbn+qxC49b4C4OkbH+kb9C3a8shpFD3SgR9kRcs80ZQ==",
      "license": "Apache-2.0"
    },
    "node_modules/web-vitals-soft-navs": {
      "name": "web-vitals",
      "version": "6.2.1",
      "resolved": "https://registry.npmjs.org/web-vitals/-/web-vitals-6.2.1.tgz",
      "integrity": "sha512-rLcLXA2sx6+9dE88NHFubwTtGxpK4yYBLj6qHPdFoCaLr0cXGb4efOqtKLlm4loGA4OEKHIQKMKzZkKyOh5ctw==",
      "license": "Apache-2.0"
    }
  }
}
